
Microsoft Visual Studio Solution File, Format Version 12.00
# Visual Studio 15
VisualStudioVersion = 15.0.28307.421
MinimumVisualStudioVersion = 10.0.40219.1
Project("{2150E333-8FDC-42A3-9474-1A3956D46DE8}") = "Solution Items", "Solution Items", "{6668BD5D-EFD1-4044-92DD-ADE294C09966}"
	ProjectSection(SolutionItems) = preProject
		.gitignore = .gitignore
	EndProjectSection
EndProject
Project("{FAE04EC0-301F-11D3-BF4B-00C04F79EFBC}") = "MemoryLeakExample", "MemoryLeakExample\MemoryLeakExample.csproj", "{701853CD-2AC0-421F-8150-DE1B6C8BC365}"
EndProject
Project("{9A19103F-16F7-4668-BE54-9A1E7A4F7556}") = "MemoryTestExample.Test", "MemoryTestExample.Test\MemoryTestExample.Test.csproj", "{96BDEC19-9EEA-4F18-A445-90ACE09DC755}"
EndProject
Global
	GlobalSection(SolutionConfigurationPlatforms) = preSolution
		Debug|Any CPU = Debug|Any CPU
		Release|Any CPU = Release|Any CPU
	EndGlobalSection
	GlobalSection(ProjectConfigurationPlatforms) = postSolution
		{701853CD-2AC0-421F-8150-DE1B6C8BC365}.Debug|Any CPU.ActiveCfg = Debug|Any CPU
		{701853CD-2AC0-421F-8150-DE1B6C8BC365}.Debug|Any CPU.Build.0 = Debug|Any CPU
		{701853CD-2AC0-421F-8150-DE1B6C8BC365}.Release|Any CPU.ActiveCfg = Release|Any CPU
		{701853CD-2AC0-421F-8150-DE1B6C8BC365}.Release|Any CPU.Build.0 = Release|Any CPU
		{96BDEC19-9EEA-4F18-A445-90ACE09DC755}.Debug|Any CPU.ActiveCfg = Debug|Any CPU
		{96BDEC19-9EEA-4F18-A445-90ACE09DC755}.Debug|Any CPU.Build.0 = Debug|Any CPU
		{96BDEC19-9EEA-4F18-A445-90ACE09DC755}.Release|Any CPU.ActiveCfg = Release|Any CPU
		{96BDEC19-9EEA-4F18-A445-90ACE09DC755}.Release|Any CPU.Build.0 = Release|Any CPU
	EndGlobalSection
	GlobalSection(SolutionProperties) = preSolution
		HideSolutionNode = FALSE
	EndGlobalSection
	GlobalSection(ExtensibilityGlobals) = postSolution
		SolutionGuid = {B6F00AF9-8849-4012-875A-8FD0D7656176}
	EndGlobalSection
EndGlobal
